
Microsoft Visual Studio Solution File, Format Version 12.00
# Visual Studio Version 17
VisualStudioVersion = 17.5.002.0
MinimumVisualStudioVersion = 10.0.40219.1
Project("{9A19103F-16F7-4668-BE54-9A1E7A4F7556}") = "test.MS", "test.MS\test.MS.csproj", "{E5D1C1BC-C3FC-4F55-9CE6-001589079FE1}"
EndProject
Project("{9A19103F-16F7-4668-BE54-9A1E7A4F7556}") = "test.NUNIT", "test.NUNIT\test.NUNIT.csproj", "{FEEA3F87-78B8-4913-93FE-A47EF01FAEBA}"
EndProject
Global
	GlobalSection(SolutionConfigurationPlatforms) = preSolution
		Debug|Any CPU = Debug|Any CPU
		Release|Any CPU = Release|Any CPU
	EndGlobalSection
	GlobalSection(ProjectConfigurationPlatforms) = postSolution
		{E5D1C1BC-C3FC-4F55-9CE6-001589079FE1}.Debug|Any CPU.ActiveCfg = Debug|Any CPU
		{E5D1C1BC-C3FC-4F55-9CE6-001589079FE1}.Debug|Any CPU.Build.0 = Debug|Any CPU
		{E5D1C1BC-C3FC-4F55-9CE6-001589079FE1}.Release|Any CPU.ActiveCfg = Release|Any CPU
		{E5D1C1BC-C3FC-4F55-9CE6-001589079FE1}.Release|Any CPU.Build.0 = Release|Any CPU
		{FEEA3F87-78B8-4913-93FE-A47EF01FAEBA}.Debug|Any CPU.ActiveCfg = Debug|Any CPU
		{FEEA3F87-78B8-4913-93FE-A47EF01FAEBA}.Debug|Any CPU.Build.0 = Debug|Any CPU
		{FEEA3F87-78B8-4913-93FE-A47EF01FAEBA}.Release|Any CPU.ActiveCfg = Release|Any CPU
		{FEEA3F87-78B8-4913-93FE-A47EF01FAEBA}.Release|Any CPU.Build.0 = Release|Any CPU
	EndGlobalSection
	GlobalSection(SolutionProperties) = preSolution
		HideSolutionNode = FALSE
	EndGlobalSection
	GlobalSection(ExtensibilityGlobals) = postSolution
		SolutionGuid = {FB788865-7A91-4D88-92B3-CCBDF946B92A}
	EndGlobalSection
EndGlobal
