# THIS IS AN AUTOGENERATED FILE. DO NOT EDIT THIS FILE DIRECTLY.
# yarn lockfile v1


"@playwright/test@^1.42.0":
  version "1.42.0"
  resolved "https://registry.yarnpkg.com/@playwright/test/-/test-1.42.0.tgz#f65a7dcb92f202f376a7538e71855d873d1e6aa2"
  integrity sha512-2k1HzC28Fs+HiwbJOQDUwrWMttqSLUVdjCqitBOjdCD0svWOMQUVqrXX6iFD7POps6xXAojsX/dGBpKnjZctLA==
  dependencies:
    playwright "1.42.0"

"@types/node@^20.11.21":
  version "20.11.21"
  resolved "https://registry.npmjs.org/@types/node/-/node-20.11.21.tgz"
  integrity sha512-/ySDLGscFPNasfqStUuWWPfL78jompfIoVzLJPVVAHBh6rpG68+pI2Gk+fNLeI8/f1yPYL4s46EleVIc20F1Ow==
  dependencies:
    undici-types "~5.26.4"

fsevents@2.3.2:
  version "2.3.2"
  resolved "https://registry.yarnpkg.com/fsevents/-/fsevents-2.3.2.tgz#8a526f78b8fdf4623b709e0b975c52c24c02fd1a"
  integrity sha512-xiqMQR4xAeHTuB9uWm+fFRcIOgKBMiOBP+eXiyT7jsgVCq1bkVygt00oASowB7EdtpOHaaPgKt812P9ab+DDKA==

playwright-core@1.42.0:
  version "1.42.0"
  resolved "https://registry.npmjs.org/playwright-core/-/playwright-core-1.42.0.tgz"
  integrity sha512-0HD9y8qEVlcbsAjdpBaFjmaTHf+1FeIddy8VJLeiqwhcNqGCBe4Wp2e8knpqiYbzxtxarxiXyNDw2cG8sCaNMQ==

playwright@1.42.0, playwright@^1.42.0:
  version "1.42.0"
  resolved "https://registry.npmjs.org/playwright/-/playwright-1.42.0.tgz"
  integrity sha512-Ko7YRUgj5xBHbntrgt4EIw/nE//XBHOKVKnBjO1KuZkmkhlbgyggTe5s9hjqQ1LpN+Xg+kHsQyt5Pa0Bw5XpvQ==
  dependencies:
    playwright-core "1.42.0"
  optionalDependencies:
    fsevents "2.3.2"

undici-types@~5.26.4:
  version "5.26.5"
  resolved "https://registry.npmjs.org/undici-types/-/undici-types-5.26.5.tgz"
  integrity sha512-JlCMO+ehdEIKqlFxk6IfVoAUVmgz7cU7zD/h9XZ0qzeosSHmUJVOzSQvvYSYWXkFXC+IfLKSIffhv0sVZup6pA==
